
Microsoft Visual Studio Solution File, Format Version 12.00
# Visual Studio Version 16
VisualStudioVersion = 16.0.30711.63
MinimumVisualStudioVersion = 10.0.40219.1
Project("{9A19103F-16F7-4668-BE54-9A1E7A4F7556}") = "MeuLeeDiaPlayer.YoutubeExplodeWrapper", "MeuLeeDiaPlayer.YoutubeExplodeWrapper\MeuLeeDiaPlayer.YoutubeExplodeWrapper.csproj", "{B87C83A3-BE8D-42C9-B9FD-3094FE9FC056}"
EndProject
Project("{9A19103F-16F7-4668-BE54-9A1E7A4F7556}") = "MeuLeeDiaPlayer.PlaylistHandler.Tests", "MeuLeeDiaPlayer.PlaylistHandler.Tests\MeuLeeDiaPlayer.PlaylistHandler.Tests.csproj", "{38269C89-6282-48BA-825B-9E17E49C49E3}"
EndProject
Project("{9A19103F-16F7-4668-BE54-9A1E7A4F7556}") = "MeuLeeDiaPlayer.PlaylistHandler", "MeuLeeDiaPlayer.PlaylistHandler\MeuLeeDiaPlayer.PlaylistHandler.csproj", "{949D1703-3CAD-4581-9BE4-2C088ED2C156}"
EndProject
Project("{9A19103F-16F7-4668-BE54-9A1E7A4F7556}") = "MeuLeeDiaPlayer.WPF", "MeuLeeDiaPlayer.WPF\MeuLeeDiaPlayer.WPF.csproj", "{9E6374B6-4240-4C6C-B236-A2AA49198D9C}"
EndProject
Project("{9A19103F-16F7-4668-BE54-9A1E7A4F7556}") = "MeuLeeDiaPlayer.Common", "MeuLeeDiaPlayer.Common\MeuLeeDiaPlayer.Common.csproj", "{C362EB57-CADC-4488-B3F3-36210E669C59}"
EndProject
Project("{9A19103F-16F7-4668-BE54-9A1E7A4F7556}") = "MeuLeeDiaPlayer.EntityFramework", "MeuLeeDiaPlayer.EntityFramework\MeuLeeDiaPlayer.EntityFramework.csproj", "{714FE8B3-DEEB-4B65-8771-9A1F503896FA}"
EndProject
Project("{FAE04EC0-301F-11D3-BF4B-00C04F79EFBC}") = "MeuLeeDiaPlayer.Services", "MeuLeeDiaPlayer.Services\MeuLeeDiaPlayer.Services.csproj", "{4EAD4543-6877-4F73-8514-110529F3F598}"
EndProject
Global
	GlobalSection(SolutionConfigurationPlatforms) = preSolution
		Debug|Any CPU = Debug|Any CPU
		Release|Any CPU = Release|Any CPU
	EndGlobalSection
	GlobalSection(ProjectConfigurationPlatforms) = postSolution
		{B87C83A3-BE8D-42C9-B9FD-3094FE9FC056}.Debug|Any CPU.ActiveCfg = Debug|Any CPU
		{B87C83A3-BE8D-42C9-B9FD-3094FE9FC056}.Debug|Any CPU.Build.0 = Debug|Any CPU
		{B87C83A3-BE8D-42C9-B9FD-3094FE9FC056}.Release|Any CPU.ActiveCfg = Release|Any CPU
		{B87C83A3-BE8D-42C9-B9FD-3094FE9FC056}.Release|Any CPU.Build.0 = Release|Any CPU
		{38269C89-6282-48BA-825B-9E17E49C49E3}.Debug|Any CPU.ActiveCfg = Debug|Any CPU
		{38269C89-6282-48BA-825B-9E17E49C49E3}.Debug|Any CPU.Build.0 = Debug|Any CPU
		{38269C89-6282-48BA-825B-9E17E49C49E3}.Release|Any CPU.ActiveCfg = Release|Any CPU
		{38269C89-6282-48BA-825B-9E17E49C49E3}.Release|Any CPU.Build.0 = Release|Any CPU
		{949D1703-3CAD-4581-9BE4-2C088ED2C156}.Debug|Any CPU.ActiveCfg = Debug|Any CPU
		{949D1703-3CAD-4581-9BE4-2C088ED2C156}.Debug|Any CPU.Build.0 = Debug|Any CPU
		{949D1703-3CAD-4581-9BE4-2C088ED2C156}.Release|Any CPU.ActiveCfg = Release|Any CPU
		{949D1703-3CAD-4581-9BE4-2C088ED2C156}.Release|Any CPU.Build.0 = Release|Any CPU
		{9E6374B6-4240-4C6C-B236-A2AA49198D9C}.Debug|Any CPU.ActiveCfg = Debug|Any CPU
		{9E6374B6-4240-4C6C-B236-A2AA49198D9C}.Debug|Any CPU.Build.0 = Debug|Any CPU
		{9E6374B6-4240-4C6C-B236-A2AA49198D9C}.Release|Any CPU.ActiveCfg = Release|Any CPU
		{9E6374B6-4240-4C6C-B236-A2AA49198D9C}.Release|Any CPU.Build.0 = Release|Any CPU
		{C362EB57-CADC-4488-B3F3-36210E669C59}.Debug|Any CPU.ActiveCfg = Debug|Any CPU
		{C362EB57-CADC-4488-B3F3-36210E669C59}.Debug|Any CPU.Build.0 = Debug|Any CPU
		{C362EB57-CADC-4488-B3F3-36210E669C59}.Release|Any CPU.ActiveCfg = Release|Any CPU
		{C362EB57-CADC-4488-B3F3-36210E669C59}.Release|Any CPU.Build.0 = Release|Any CPU
		{714FE8B3-DEEB-4B65-8771-9A1F503896FA}.Debug|Any CPU.ActiveCfg = Debug|Any CPU
		{714FE8B3-DEEB-4B65-8771-9A1F503896FA}.Debug|Any CPU.Build.0 = Debug|Any CPU
		{714FE8B3-DEEB-4B65-8771-9A1F503896FA}.Release|Any CPU.ActiveCfg = Release|Any CPU
		{714FE8B3-DEEB-4B65-8771-9A1F503896FA}.Release|Any CPU.Build.0 = Release|Any CPU
		{4EAD4543-6877-4F73-8514-110529F3F598}.Debug|Any CPU.ActiveCfg = Debug|Any CPU
		{4EAD4543-6877-4F73-8514-110529F3F598}.Debug|Any CPU.Build.0 = Debug|Any CPU
		{4EAD4543-6877-4F73-8514-110529F3F598}.Release|Any CPU.ActiveCfg = Release|Any CPU
		{4EAD4543-6877-4F73-8514-110529F3F598}.Release|Any CPU.Build.0 = Release|Any CPU
	EndGlobalSection
	GlobalSection(SolutionProperties) = preSolution
		HideSolutionNode = FALSE
	EndGlobalSection
	GlobalSection(ExtensibilityGlobals) = postSolution
		SolutionGuid = {8A74344F-01E7-469D-94D2-699B2A2745EB}
	EndGlobalSection
EndGlobal
